
Microsoft Visual Studio Solution File, Format Version 12.00
# Visual Studio Version 16
VisualStudioVersion = 16.0.30717.126
MinimumVisualStudioVersion = 10.0.40219.1
Project("{FAE04EC0-301F-11D3-BF4B-00C04F79EFBC}") = "Api.Application", "application\Api.Application.csproj", "{12217E8E-80F7-4A0F-9F86-32472D42D65E}"
EndProject
Project("{FAE04EC0-301F-11D3-BF4B-00C04F79EFBC}") = "Api.Domain", "Domain\Api.Domain.csproj", "{3431CC26-EDF4-43EF-B558-9683609F12D6}"
EndProject
Project("{FAE04EC0-301F-11D3-BF4B-00C04F79EFBC}") = "Api.CrossCutting", "Api.CrossCutting\Api.CrossCutting.csproj", "{7A00CE2D-09A2-4457-9395-F2075965A95A}"
EndProject
Project("{FAE04EC0-301F-11D3-BF4B-00C04F79EFBC}") = "Api.Data", "Api.Data\Api.Data.csproj", "{49C4E6CF-7FBA-4311-804C-B50244168CC6}"
EndProject
Project("{FAE04EC0-301F-11D3-BF4B-00C04F79EFBC}") = "Api.Service", "Api.Service\Api.Service.csproj", "{4C92DE1E-CB28-47E0-BCB2-A0BD06E994FD}"
EndProject
Global
	GlobalSection(SolutionConfigurationPlatforms) = preSolution
		Debug|Any CPU = Debug|Any CPU
		Release|Any CPU = Release|Any CPU
	EndGlobalSection
	GlobalSection(ProjectConfigurationPlatforms) = postSolution
		{12217E8E-80F7-4A0F-9F86-32472D42D65E}.Debug|Any CPU.ActiveCfg = Debug|Any CPU
		{12217E8E-80F7-4A0F-9F86-32472D42D65E}.Debug|Any CPU.Build.0 = Debug|Any CPU
		{12217E8E-80F7-4A0F-9F86-32472D42D65E}.Release|Any CPU.ActiveCfg = Release|Any CPU
		{12217E8E-80F7-4A0F-9F86-32472D42D65E}.Release|Any CPU.Build.0 = Release|Any CPU
		{3431CC26-EDF4-43EF-B558-9683609F12D6}.Debug|Any CPU.ActiveCfg = Debug|Any CPU
		{3431CC26-EDF4-43EF-B558-9683609F12D6}.Debug|Any CPU.Build.0 = Debug|Any CPU
		{3431CC26-EDF4-43EF-B558-9683609F12D6}.Release|Any CPU.ActiveCfg = Release|Any CPU
		{3431CC26-EDF4-43EF-B558-9683609F12D6}.Release|Any CPU.Build.0 = Release|Any CPU
		{7A00CE2D-09A2-4457-9395-F2075965A95A}.Debug|Any CPU.ActiveCfg = Debug|Any CPU
		{7A00CE2D-09A2-4457-9395-F2075965A95A}.Debug|Any CPU.Build.0 = Debug|Any CPU
		{7A00CE2D-09A2-4457-9395-F2075965A95A}.Release|Any CPU.ActiveCfg = Release|Any CPU
		{7A00CE2D-09A2-4457-9395-F2075965A95A}.Release|Any CPU.Build.0 = Release|Any CPU
		{49C4E6CF-7FBA-4311-804C-B50244168CC6}.Debug|Any CPU.ActiveCfg = Debug|Any CPU
		{49C4E6CF-7FBA-4311-804C-B50244168CC6}.Debug|Any CPU.Build.0 = Debug|Any CPU
		{49C4E6CF-7FBA-4311-804C-B50244168CC6}.Release|Any CPU.ActiveCfg = Release|Any CPU
		{49C4E6CF-7FBA-4311-804C-B50244168CC6}.Release|Any CPU.Build.0 = Release|Any CPU
		{4C92DE1E-CB28-47E0-BCB2-A0BD06E994FD}.Debug|Any CPU.ActiveCfg = Debug|Any CPU
		{4C92DE1E-CB28-47E0-BCB2-A0BD06E994FD}.Debug|Any CPU.Build.0 = Debug|Any CPU
		{4C92DE1E-CB28-47E0-BCB2-A0BD06E994FD}.Release|Any CPU.ActiveCfg = Release|Any CPU
		{4C92DE1E-CB28-47E0-BCB2-A0BD06E994FD}.Release|Any CPU.Build.0 = Release|Any CPU
	EndGlobalSection
	GlobalSection(SolutionProperties) = preSolution
		HideSolutionNode = FALSE
	EndGlobalSection
	GlobalSection(ExtensibilityGlobals) = postSolution
		SolutionGuid = {967D26F5-2DA4-4971-9EDD-823B8158E290}
	EndGlobalSection
EndGlobal
